// !$*UTF8*$!
{
	archiveVersion = 1;
	classes = {
	};
	objectVersion = 56;
	objects = {

/* Begin PBXBuildFile section */
		9B121F6429A52041003BCAC0 /* AppDelegate.swift in Sources */ = {isa = PBXBuildFile; fileRef = 9B121F6329A52041003BCAC0 /* AppDelegate.swift */; };
		9B121F6629A52041003BCAC0 /* SceneDelegate.swift in Sources */ = {isa = PBXBuildFile; fileRef = 9B121F6529A52041003BCAC0 /* SceneDelegate.swift */; };
		9B121F6829A52041003BCAC0 /* ViewController.swift in Sources */ = {isa = PBXBuildFile; fileRef = 9B121F6729A52041003BCAC0 /* ViewController.swift */; };
		9B121F6B29A52041003BCAC0 /* Main.storyboard in Resources */ = {isa = PBXBuildFile; fileRef = 9B121F6929A52041003BCAC0 /* Main.storyboard */; };
		9B121F6D29A52043003BCAC0 /* Assets.xcassets in Resources */ = {isa = PBXBuildFile; fileRef = 9B121F6C29A52043003BCAC0 /* Assets.xcassets */; };
		9B121F7029A52043003BCAC0 /* LaunchScreen.storyboard in Resources */ = {isa = PBXBuildFile; fileRef = 9B121F6E29A52043003BCAC0 /* LaunchScreen.storyboard */; };
		9B121F7829A520CB003BCAC0 /* MovieListViewController.swift in Sources */ = {isa = PBXBuildFile; fileRef = 9B121F7729A520CB003BCAC0 /* MovieListViewController.swift */; };
		9B121F7A29A520D4003BCAC0 /* APIService.swift in Sources */ = {isa = PBXBuildFile; fileRef = 9B121F7929A520D4003BCAC0 /* APIService.swift */; };
		9B121F7C29A520DD003BCAC0 /* Movie.swift in Sources */ = {isa = PBXBuildFile; fileRef = 9B121F7B29A520DD003BCAC0 /* Movie.swift */; };
		9B121F7E29A520EE003BCAC0 /* MovieDetailView.swift in Sources */ = {isa = PBXBuildFile; fileRef = 9B121F7D29A520EE003BCAC0 /* MovieDetailView.swift */; };
		9B121F8029A524DC003BCAC0 /* MovieListViewModel.swift in Sources */ = {isa = PBXBuildFile; fileRef = 9B121F7F29A524DC003BCAC0 /* MovieListViewModel.swift */; };
		9B121F8229A52798003BCAC0 /* MovieDetail.swift in Sources */ = {isa = PBXBuildFile; fileRef = 9B121F8129A52798003BCAC0 /* MovieDetail.swift */; };
		9B121F8429A555AE003BCAC0 /* MovieDetailViewModel.swift in Sources */ = {isa = PBXBuildFile; fileRef = 9B121F8329A555AE003BCAC0 /* MovieDetailViewModel.swift */; };
/* End PBXBuildFile section */

/* Begin PBXFileReference section */
		9B121F6029A52041003BCAC0 /* TakeHomeProject-Preciate.app */ = {isa = PBXFileReference; explicitFileType = wrapper.application; includeInIndex = 0; path = "TakeHomeProject-Preciate.app"; sourceTree = BUILT_PRODUCTS_DIR; };
		9B121F6329A52041003BCAC0 /* AppDelegate.swift */ = {isa = PBXFileReference; lastKnownFileType = sourcecode.swift; path = AppDelegate.swift; sourceTree = "<group>"; };
		9B121F6529A52041003BCAC0 /* SceneDelegate.swift */ = {isa = PBXFileReference; lastKnownFileType = sourcecode.swift; path = SceneDelegate.swift; sourceTree = "<group>"; };
		9B121F6729A52041003BCAC0 /* ViewController.swift */ = {isa = PBXFileReference; lastKnownFileType = sourcecode.swift; path = ViewController.swift; sourceTree = "<group>"; };
		9B121F6A29A52041003BCAC0 /* Base */ = {isa = PBXFileReference; lastKnownFileType = file.storyboard; name = Base; path = Base.lproj/Main.storyboard; sourceTree = "<group>"; };
		9B121F6C29A52043003BCAC0 /* Assets.xcassets */ = {isa = PBXFileReference; lastKnownFileType = folder.assetcatalog; path = Assets.xcassets; sourceTree = "<group>"; };
		9B121F6F29A52043003BCAC0 /* Base */ = {isa = PBXFileReference; lastKnownFileType = file.storyboard; name = Base; path = Base.lproj/LaunchScreen.storyboard; sourceTree = "<group>"; };
		9B121F7129A52043003BCAC0 /* Info.plist */ = {isa = PBXFileReference; lastKnownFileType = text.plist.xml; path = Info.plist; sourceTree = "<group>"; };
		9B121F7729A520CB003BCAC0 /* MovieListViewController.swift */ = {isa = PBXFileReference; lastKnownFileType = sourcecode.swift; path = MovieListViewController.swift; sourceTree = "<group>"; };
		9B121F7929A520D4003BCAC0 /* APIService.swift */ = {isa = PBXFileReference; lastKnownFileType = sourcecode.swift; path = APIService.swift; sourceTree = "<group>"; };
		9B121F7B29A520DD003BCAC0 /* Movie.swift */ = {isa = PBXFileReference; lastKnownFileType = sourcecode.swift; path = Movie.swift; sourceTree = "<group>"; };
		9B121F7D29A520EE003BCAC0 /* MovieDetailView.swift */ = {isa = PBXFileReference; lastKnownFileType = sourcecode.swift; path = MovieDetailView.swift; sourceTree = "<group>"; };
		9B121F7F29A524DC003BCAC0 /* MovieListViewModel.swift */ = {isa = PBXFileReference; lastKnownFileType = sourcecode.swift; path = MovieListViewModel.swift; sourceTree = "<group>"; };
		9B121F8129A52798003BCAC0 /* MovieDetail.swift */ = {isa = PBXFileReference; lastKnownFileType = sourcecode.swift; path = MovieDetail.swift; sourceTree = "<group>"; };
		9B121F8329A555AE003BCAC0 /* MovieDetailViewModel.swift */ = {isa = PBXFileReference; lastKnownFileType = sourcecode.swift; path = MovieDetailViewModel.swift; sourceTree = "<group>"; };
/* End PBXFileReference section */

/* Begin PBXFrameworksBuildPhase section */
		9B121F5D29A52041003BCAC0 /* Frameworks */ = {
			isa = PBXFrameworksBuildPhase;
			buildActionMask = 2147483647;
			files = (
			);
			runOnlyForDeploymentPostprocessing = 0;
		};
/* End PBXFrameworksBuildPhase section */

/* Begin PBXGroup section */
		9B121F5729A52041003BCAC0 = {
			isa = PBXGroup;
			children = (
				9B121F6229A52041003BCAC0 /* TakeHomeProject-Preciate */,
				9B121F6129A52041003BCAC0 /* Products */,
			);
			sourceTree = "<group>";
		};
		9B121F6129A52041003BCAC0 /* Products */ = {
			isa = PBXGroup;
			children = (
				9B121F6029A52041003BCAC0 /* TakeHomeProject-Preciate.app */,
			);
			name = Products;
			sourceTree = "<group>";
		};
		9B121F6229A52041003BCAC0 /* TakeHomeProject-Preciate */ = {
			isa = PBXGroup;
			children = (
				9B121F6329A52041003BCAC0 /* AppDelegate.swift */,
				9B121F6529A52041003BCAC0 /* SceneDelegate.swift */,
				9B121F6729A52041003BCAC0 /* ViewController.swift */,
				9B121F7B29A520DD003BCAC0 /* Movie.swift */,
				9B121F8129A52798003BCAC0 /* MovieDetail.swift */,
				9B121F7F29A524DC003BCAC0 /* MovieListViewModel.swift */,
				9B121F7729A520CB003BCAC0 /* MovieListViewController.swift */,
				9B121F8329A555AE003BCAC0 /* MovieDetailViewModel.swift */,
				9B121F7D29A520EE003BCAC0 /* MovieDetailView.swift */,
				9B121F7929A520D4003BCAC0 /* APIService.swift */,
				9B121F6929A52041003BCAC0 /* Main.storyboard */,
				9B121F6C29A52043003BCAC0 /* Assets.xcassets */,
				9B121F6E29A52043003BCAC0 /* LaunchScreen.storyboard */,
				9B121F7129A52043003BCAC0 /* Info.plist */,
			);
			path = "TakeHomeProject-Preciate";
			sourceTree = "<group>";
		};
/* End PBXGroup section */

/* Begin PBXNativeTarget section */
		9B121F5F29A52041003BCAC0 /* TakeHomeProject-Preciate */ = {
			isa = PBXNativeTarget;
			buildConfigurationList = 9B121F7429A52043003BCAC0 /* Build configuration list for PBXNativeTarget "TakeHomeProject-Preciate" */;
			buildPhases = (
				9B121F5C29A52041003BCAC0 /* Sources */,
				9B121F5D29A52041003BCAC0 /* Frameworks */,
				9B121F5E29A52041003BCAC0 /* Resources */,
			);
			buildRules = (
			);
			dependencies = (
			);
			name = "TakeHomeProject-Preciate";
			productName = "TakeHomeProject-Preciate";
			productReference = 9B121F6029A52041003BCAC0 /* TakeHomeProject-Preciate.app */;
			productType = "com.apple.product-type.application";
		};
/* End PBXNativeTarget section */

/* Begin PBXProject section */
		9B121F5829A52041003BCAC0 /* Project object */ = {
			isa = PBXProject;
			attributes = {
				BuildIndependentTargetsInParallel = 1;
				LastSwiftUpdateCheck = 1410;
				LastUpgradeCheck = 1410;
				TargetAttributes = {
					9B121F5F29A52041003BCAC0 = {
						CreatedOnToolsVersion = 14.1;
					};
				};
			};
			buildConfigurationList = 9B121F5B29A52041003BCAC0 /* Build configuration list for PBXProject "TakeHomeProject-Preciate" */;
			compatibilityVersion = "Xcode 14.0";
			developmentRegion = en;
			hasScannedForEncodings = 0;
			knownRegions = (
				en,
				Base,
			);
			mainGroup = 9B121F5729A52041003BCAC0;
			productRefGroup = 9B121F6129A52041003BCAC0 /* Products */;
			projectDirPath = "";
			projectRoot = "";
			targets = (
				9B121F5F29A52041003BCAC0 /* TakeHomeProject-Preciate */,
			);
		};
/* End PBXProject section */

/* Begin PBXResourcesBuildPhase section */
		9B121F5E29A52041003BCAC0 /* Resources */ = {
			isa = PBXResourcesBuildPhase;
			buildActionMask = 2147483647;
			files = (
				9B121F7029A52043003BCAC0 /* LaunchScreen.storyboard in Resources */,
				9B121F6D29A52043003BCAC0 /* Assets.xcassets in Resources */,
				9B121F6B29A52041003BCAC0 /* Main.storyboard in Resources */,
			);
			runOnlyForDeploymentPostprocessing = 0;
		};
/* End PBXResourcesBuildPhase section */

/* Begin PBXSourcesBuildPhase section */
		9B121F5C29A52041003BCAC0 /* Sources */ = {
			isa = PBXSourcesBuildPhase;
			buildActionMask = 2147483647;
			files = (
				9B121F6829A52041003BCAC0 /* ViewController.swift in Sources */,
				9B121F7A29A520D4003BCAC0 /* APIService.swift in Sources */,
				9B121F7C29A520DD003BCAC0 /* Movie.swift in Sources */,
				9B121F8229A52798003BCAC0 /* MovieDetail.swift in Sources */,
				9B121F8029A524DC003BCAC0 /* MovieListViewModel.swift in Sources */,
				9B121F6429A52041003BCAC0 /* AppDelegate.swift in Sources */,
				9B121F8429A555AE003BCAC0 /* MovieDetailViewModel.swift in Sources */,
				9B121F7E29A520EE003BCAC0 /* MovieDetailView.swift in Sources */,
				9B121F6629A52041003BCAC0 /* SceneDelegate.swift in Sources */,
				9B121F7829A520CB003BCAC0 /* MovieListViewController.swift in Sources */,
			);
			runOnlyForDeploymentPostprocessing = 0;
		};
/* End PBXSourcesBuildPhase section */

/* Begin PBXVariantGroup section */
		9B121F6929A52041003BCAC0 /* Main.storyboard */ = {
			isa = PBXVariantGroup;
			children = (
				9B121F6A29A52041003BCAC0 /* Base */,
			);
			name = Main.storyboard;
			sourceTree = "<group>";
		};
		9B121F6E29A52043003BCAC0 /* LaunchScreen.storyboard */ = {
			isa = PBXVariantGroup;
			children = (
				9B121F6F29A52043003BCAC0 /* Base */,
			);
			name = LaunchScreen.storyboard;
			sourceTree = "<group>";
		};
/* End PBXVariantGroup section */

/* Begin XCBuildConfiguration section */
		9B121F7229A52043003BCAC0 /* Debug */ = {
			isa = XCBuildConfiguration;
			buildSettings = {
				ALWAYS_SEARCH_USER_PATHS = NO;
				CLANG_ANALYZER_NONNULL = YES;
				CLANG_ANALYZER_NUMBER_OBJECT_CONVERSION = YES_AGGRESSIVE;
				CLANG_CXX_LANGUAGE_STANDARD = "gnu++20";
				CLANG_ENABLE_MODULES = YES;
				CLANG_ENABLE_OBJC_ARC = YES;
				CLANG_ENABLE_OBJC_WEAK = YES;
				CLANG_WARN_BLOCK_CAPTURE_AUTORELEASING = YES;
				CLANG_WARN_BOOL_CONVERSION = YES;
				CLANG_WARN_COMMA = YES;
				CLANG_WARN_CONSTANT_CONVERSION = YES;
				CLANG_WARN_DEPRECATED_OBJC_IMPLEMENTATIONS = YES;
				CLANG_WARN_DIRECT_OBJC_ISA_USAGE = YES_ERROR;
				CLANG_WARN_DOCUMENTATION_COMMENTS = YES;
				CLANG_WARN_EMPTY_BODY = YES;
				CLANG_WARN_ENUM_CONVERSION = YES;
				CLANG_WARN_INFINITE_RECURSION = YES;
				CLANG_WARN_INT_CONVERSION = YES;
				CLANG_WARN_NON_LITERAL_NULL_CONVERSION = YES;
				CLANG_WARN_OBJC_IMPLICIT_RETAIN_SELF = YES;
				CLANG_WARN_OBJC_LITERAL_CONVERSION = YES;
				CLANG_WARN_OBJC_ROOT_CLASS = YES_ERROR;
				CLANG_WARN_QUOTED_INCLUDE_IN_FRAMEWORK_HEADER = YES;
				CLANG_WARN_RANGE_LOOP_ANALYSIS = YES;
				CLANG_WARN_STRICT_PROTOTYPES = YES;
				CLANG_WARN_SUSPICIOUS_MOVE = YES;
				CLANG_WARN_UNGUARDED_AVAILABILITY = YES_AGGRESSIVE;
				CLANG_WARN_UNREACHABLE_CODE = YES;
				CLANG_WARN__DUPLICATE_METHOD_MATCH = YES;
				COPY_PHASE_STRIP = NO;
				DEBUG_INFORMATION_FORMAT = dwarf;
				ENABLE_STRICT_OBJC_MSGSEND = YES;
				ENABLE_TESTABILITY = YES;
				GCC_C_LANGUAGE_STANDARD = gnu11;
				GCC_DYNAMIC_NO_PIC = NO;
				GCC_NO_COMMON_BLOCKS = YES;
				GCC_OPTIMIZATION_LEVEL = 0;
				GCC_PREPROCESSOR_DEFINITIONS = (
					"DEBUG=1",
					"$(inherited)",
				);
				GCC_WARN_64_TO_32_BIT_CONVERSION = YES;
				GCC_WARN_ABOUT_RETURN_TYPE = YES_ERROR;
				GCC_WARN_UNDECLARED_SELECTOR = YES;
				GCC_WARN_UNINITIALIZED_AUTOS = YES_AGGRESSIVE;
				GCC_WARN_UNUSED_FUNCTION = YES;
				GCC_WARN_UNUSED_VARIABLE = YES;
				IPHONEOS_DEPLOYMENT_TARGET = 16.1;
				MTL_ENABLE_DEBUG_INFO = INCLUDE_SOURCE;
				MTL_FAST_MATH = YES;
				ONLY_ACTIVE_ARCH = YES;
				SDKROOT = iphoneos;
				SWIFT_ACTIVE_COMPILATION_CONDITIONS = DEBUG;
				SWIFT_OPTIMIZATION_LEVEL = "-Onone";
			};
			name = Debug;
		};
		9B121F7329A52043003BCAC0 /* Release */ = {
			isa = XCBuildConfiguration;
			buildSettings = {
				ALWAYS_SEARCH_USER_PATHS = NO;
				CLANG_ANALYZER_NONNULL = YES;
				CLANG_ANALYZER_NUMBER_OBJECT_CONVERSION = YES_AGGRESSIVE;
				CLANG_CXX_LANGUAGE_STANDARD = "gnu++20";
				CLANG_ENABLE_MODULES = YES;
				CLANG_ENABLE_OBJC_ARC = YES;
				CLANG_ENABLE_OBJC_WEAK = YES;
				CLANG_WARN_BLOCK_CAPTURE_AUTORELEASING = YES;
				CLANG_WARN_BOOL_CONVERSION = YES;
				CLANG_WARN_COMMA = YES;
				CLANG_WARN_CONSTANT_CONVERSION = YES;
				CLANG_WARN_DEPRECATED_OBJC_IMPLEMENTATIONS = YES;
				CLANG_WARN_DIRECT_OBJC_ISA_USAGE = YES_ERROR;
				CLANG_WARN_DOCUMENTATION_COMMENTS = YES;
				CLANG_WARN_EMPTY_BODY = YES;
				CLANG_WARN_ENUM_CONVERSION = YES;
				CLANG_WARN_INFINITE_RECURSION = YES;
				CLANG_WARN_INT_CONVERSION = YES;
				CLANG_WARN_NON_LITERAL_NULL_CONVERSION = YES;
				CLANG_WARN_OBJC_IMPLICIT_RETAIN_SELF = YES;
				CLANG_WARN_OBJC_LITERAL_CONVERSION = YES;
				CLANG_WARN_OBJC_ROOT_CLASS = YES_ERROR;
				CLANG_WARN_QUOTED_INCLUDE_IN_FRAMEWORK_HEADER = YES;
				CLANG_WARN_RANGE_LOOP_ANALYSIS = YES;
				CLANG_WARN_STRICT_PROTOTYPES = YES;
				CLANG_WARN_SUSPICIOUS_MOVE = YES;
				CLANG_WARN_UNGUARDED_AVAILABILITY = YES_AGGRESSIVE;
				CLANG_WARN_UNREACHABLE_CODE = YES;
				CLANG_WARN__DUPLICATE_METHOD_MATCH = YES;
				COPY_PHASE_STRIP = NO;
				DEBUG_INFORMATION_FORMAT = "dwarf-with-dsym";
				ENABLE_NS_ASSERTIONS = NO;
				ENABLE_STRICT_OBJC_MSGSEND = YES;
				GCC_C_LANGUAGE_STANDARD = gnu11;
				GCC_NO_COMMON_BLOCKS = YES;
				GCC_WARN_64_TO_32_BIT_CONVERSION = YES;
				GCC_WARN_ABOUT_RETURN_TYPE = YES_ERROR;
				GCC_WARN_UNDECLARED_SELECTOR = YES;
				GCC_WARN_UNINITIALIZED_AUTOS = YES_AGGRESSIVE;
				GCC_WARN_UNUSED_FUNCTION = YES;
				GCC_WARN_UNUSED_VARIABLE = YES;
				IPHONEOS_DEPLOYMENT_TARGET = 16.1;
				MTL_ENABLE_DEBUG_INFO = NO;
				MTL_FAST_MATH = YES;
				SDKROOT = iphoneos;
				SWIFT_COMPILATION_MODE = wholemodule;
				SWIFT_OPTIMIZATION_LEVEL = "-O";
				VALIDATE_PRODUCT = YES;
			};
			name = Release;
		};
		9B121F7529A52043003BCAC0 /* Debug */ = {
			isa = XCBuildConfiguration;
			buildSettings = {
				ASSETCATALOG_COMPILER_APPICON_NAME = AppIcon;
				ASSETCATALOG_COMPILER_GLOBAL_ACCENT_COLOR_NAME = AccentColor;
				CODE_SIGN_STYLE = Automatic;
				CURRENT_PROJECT_VERSION = 1;
				DEVELOPMENT_TEAM = 2PSWQPK482;
				GENERATE_INFOPLIST_FILE = YES;
				INFOPLIST_FILE = "TakeHomeProject-Preciate/Info.plist";
				INFOPLIST_KEY_UIApplicationSupportsIndirectInputEvents = YES;
				INFOPLIST_KEY_UILaunchStoryboardName = LaunchScreen;
				INFOPLIST_KEY_UIMainStoryboardFile = Main;
				INFOPLIST_KEY_UISupportedInterfaceOrientations_iPad = "UIInterfaceOrientationPortrait UIInterfaceOrientationPortraitUpsideDown UIInterfaceOrientationLandscapeLeft UIInterfaceOrientationLandscapeRight";
				INFOPLIST_KEY_UISupportedInterfaceOrientations_iPhone = "UIInterfaceOrientationPortrait UIInterfaceOrientationLandscapeLeft UIInterfaceOrientationLandscapeRight";
				LD_RUNPATH_SEARCH_PATHS = (
					"$(inherited)",
					"@executable_path/Frameworks",
				);
				MARKETING_VERSION = 1.0;
				PRODUCT_BUNDLE_IDENTIFIER = "com.rrtech.takehome.previate.TakeHomeProject-Preciate";
				PRODUCT_NAME = "$(TARGET_NAME)";
				SWIFT_EMIT_LOC_STRINGS = YES;
				SWIFT_VERSION = 5.0;
				TARGETED_DEVICE_FAMILY = "1,2";
			};
			name = Debug;
		};
		9B121F7629A52043003BCAC0 /* Release */ = {
			isa = XCBuildConfiguration;
			buildSettings = {
				ASSETCATALOG_COMPILER_APPICON_NAME = AppIcon;
				ASSETCATALOG_COMPILER_GLOBAL_ACCENT_COLOR_NAME = AccentColor;
				CODE_SIGN_STYLE = Automatic;
				CURRENT_PROJECT_VERSION = 1;
				DEVELOPMENT_TEAM = 2PSWQPK482;
				GENERATE_INFOPLIST_FILE = YES;
				INFOPLIST_FILE = "TakeHomeProject-Preciate/Info.plist";
				INFOPLIST_KEY_UIApplicationSupportsIndirectInputEvents = YES;
				INFOPLIST_KEY_UILaunchStoryboardName = LaunchScreen;
				INFOPLIST_KEY_UIMainStoryboardFile = Main;
				INFOPLIST_KEY_UISupportedInterfaceOrientations_iPad = "UIInterfaceOrientationPortrait UIInterfaceOrientationPortraitUpsideDown UIInterfaceOrientationLandscapeLeft UIInterfaceOrientationLandscapeRight";
				INFOPLIST_KEY_UISupportedInterfaceOrientations_iPhone = "UIInterfaceOrientationPortrait UIInterfaceOrientationLandscapeLeft UIInterfaceOrientationLandscapeRight";
				LD_RUNPATH_SEARCH_PATHS = (
					"$(inherited)",
					"@executable_path/Frameworks",
				);
				MARKETING_VERSION = 1.0;
				PRODUCT_BUNDLE_IDENTIFIER = "com.rrtech.takehome.previate.TakeHomeProject-Preciate";
				PRODUCT_NAME = "$(TARGET_NAME)";
				SWIFT_EMIT_LOC_STRINGS = YES;
				SWIFT_VERSION = 5.0;
				TARGETED_DEVICE_FAMILY = "1,2";
			};
			name = Release;
		};
/* End XCBuildConfiguration section */

/* Begin XCConfigurationList section */
		9B121F5B29A52041003BCAC0 /* Build configuration list for PBXProject "TakeHomeProject-Preciate" */ = {
			isa = XCConfigurationList;
			buildConfigurations = (
				9B121F7229A52043003BCAC0 /* Debug */,
				9B121F7329A52043003BCAC0 /* Release */,
			);
			defaultConfigurationIsVisible = 0;
			defaultConfigurationName = Release;
		};
		9B121F7429A52043003BCAC0 /* Build configuration list for PBXNativeTarget "TakeHomeProject-Preciate" */ = {
			isa = XCConfigurationList;
			buildConfigurations = (
				9B121F7529A52043003BCAC0 /* Debug */,
				9B121F7629A52043003BCAC0 /* Release */,
			);
			defaultConfigurationIsVisible = 0;
			defaultConfigurationName = Release;
		};
/* End XCConfigurationList section */
	};
	rootObject = 9B121F5829A52041003BCAC0 /* Project object */;
}
